
Microsoft Visual Studio Solution File, Format Version 12.00
# Visual Studio Version 16
VisualStudioVersion = 16.0.31025.194
MinimumVisualStudioVersion = 10.0.40219.1
Project("{8BC9CEB8-8B4A-11D0-8D11-00A0C91BC942}") = "Chap03", "Chap03.vcxproj", "{A3CFC565-CFDC-414A-9849-3B1069EC276A}"
EndProject
Project("{8BC9CEB8-8B4A-11D0-8D11-00A0C91BC942}") = "Chap04", "..\Chap04\Chap04.vcxproj", "{FCBFD8E7-90C6-438E-8636-0A39B99A1D20}"
EndProject
Project("{8BC9CEB8-8B4A-11D0-8D11-00A0C91BC942}") = "Chap05", "..\Chap05\Chap05.vcxproj", "{3C05830A-7CDA-4831-8C2A-31C6B5186CC6}"
EndProject
Project("{8BC9CEB8-8B4A-11D0-8D11-00A0C91BC942}") = "Chap06", "..\Chap06\Chap06.vcxproj", "{585890CA-668C-4DCD-B096-A7C2325B24AC}"
EndProject
Project("{8BC9CEB8-8B4A-11D0-8D11-00A0C91BC942}") = "Chap07", "..\Chap07\Chap07.vcxproj", "{63C7B7DC-6472-4A20-B9E2-6C0E417E9CAA}"
EndProject
Project("{8BC9CEB8-8B4A-11D0-8D11-00A0C91BC942}") = "Chap08", "..\Chap08\Chap08.vcxproj", "{3AEF249A-85F2-41C0-B9B0-66DF8E14D517}"
EndProject
Project("{8BC9CEB8-8B4A-11D0-8D11-00A0C91BC942}") = "Chap09", "..\Chap09\Chap09.vcxproj", "{C31765F1-E1C3-4F12-9C57-D056D569CF10}"
EndProject
Project("{8BC9CEB8-8B4A-11D0-8D11-00A0C91BC942}") = "Chap10", "..\Chap10\Chap10.vcxproj", "{6BF24A28-11F4-498A-A1B6-DF2679A15EEA}"
EndProject
Global
	GlobalSection(SolutionConfigurationPlatforms) = preSolution
		Debug|x64 = Debug|x64
		Debug|x86 = Debug|x86
		Release|x64 = Release|x64
		Release|x86 = Release|x86
	EndGlobalSection
	GlobalSection(ProjectConfigurationPlatforms) = postSolution
		{A3CFC565-CFDC-414A-9849-3B1069EC276A}.Debug|x64.ActiveCfg = Debug|x64
		{A3CFC565-CFDC-414A-9849-3B1069EC276A}.Debug|x64.Build.0 = Debug|x64
		{A3CFC565-CFDC-414A-9849-3B1069EC276A}.Debug|x86.ActiveCfg = Debug|Win32
		{A3CFC565-CFDC-414A-9849-3B1069EC276A}.Debug|x86.Build.0 = Debug|Win32
		{A3CFC565-CFDC-414A-9849-3B1069EC276A}.Release|x64.ActiveCfg = Release|x64
		{A3CFC565-CFDC-414A-9849-3B1069EC276A}.Release|x64.Build.0 = Release|x64
		{A3CFC565-CFDC-414A-9849-3B1069EC276A}.Release|x86.ActiveCfg = Release|Win32
		{A3CFC565-CFDC-414A-9849-3B1069EC276A}.Release|x86.Build.0 = Release|Win32
		{FCBFD8E7-90C6-438E-8636-0A39B99A1D20}.Debug|x64.ActiveCfg = Debug|x64
		{FCBFD8E7-90C6-438E-8636-0A39B99A1D20}.Debug|x64.Build.0 = Debug|x64
		{FCBFD8E7-90C6-438E-8636-0A39B99A1D20}.Debug|x86.ActiveCfg = Debug|Win32
		{FCBFD8E7-90C6-438E-8636-0A39B99A1D20}.Debug|x86.Build.0 = Debug|Win32
		{FCBFD8E7-90C6-438E-8636-0A39B99A1D20}.Release|x64.ActiveCfg = Release|x64
		{FCBFD8E7-90C6-438E-8636-0A39B99A1D20}.Release|x64.Build.0 = Release|x64
		{FCBFD8E7-90C6-438E-8636-0A39B99A1D20}.Release|x86.ActiveCfg = Release|Win32
		{FCBFD8E7-90C6-438E-8636-0A39B99A1D20}.Release|x86.Build.0 = Release|Win32
		{3C05830A-7CDA-4831-8C2A-31C6B5186CC6}.Debug|x64.ActiveCfg = Debug|x64
		{3C05830A-7CDA-4831-8C2A-31C6B5186CC6}.Debug|x64.Build.0 = Debug|x64
		{3C05830A-7CDA-4831-8C2A-31C6B5186CC6}.Debug|x86.ActiveCfg = Debug|Win32
		{3C05830A-7CDA-4831-8C2A-31C6B5186CC6}.Debug|x86.Build.0 = Debug|Win32
		{3C05830A-7CDA-4831-8C2A-31C6B5186CC6}.Release|x64.ActiveCfg = Release|x64
		{3C05830A-7CDA-4831-8C2A-31C6B5186CC6}.Release|x64.Build.0 = Release|x64
		{3C05830A-7CDA-4831-8C2A-31C6B5186CC6}.Release|x86.ActiveCfg = Release|Win32
		{3C05830A-7CDA-4831-8C2A-31C6B5186CC6}.Release|x86.Build.0 = Release|Win32
		{585890CA-668C-4DCD-B096-A7C2325B24AC}.Debug|x64.ActiveCfg = Debug|x64
		{585890CA-668C-4DCD-B096-A7C2325B24AC}.Debug|x64.Build.0 = Debug|x64
		{585890CA-668C-4DCD-B096-A7C2325B24AC}.Debug|x86.ActiveCfg = Debug|Win32
		{585890CA-668C-4DCD-B096-A7C2325B24AC}.Debug|x86.Build.0 = Debug|Win32
		{585890CA-668C-4DCD-B096-A7C2325B24AC}.Release|x64.ActiveCfg = Release|x64
		{585890CA-668C-4DCD-B096-A7C2325B24AC}.Release|x64.Build.0 = Release|x64
		{585890CA-668C-4DCD-B096-A7C2325B24AC}.Release|x86.ActiveCfg = Release|Win32
		{585890CA-668C-4DCD-B096-A7C2325B24AC}.Release|x86.Build.0 = Release|Win32
		{63C7B7DC-6472-4A20-B9E2-6C0E417E9CAA}.Debug|x64.ActiveCfg = Debug|x64
		{63C7B7DC-6472-4A20-B9E2-6C0E417E9CAA}.Debug|x64.Build.0 = Debug|x64
		{63C7B7DC-6472-4A20-B9E2-6C0E417E9CAA}.Debug|x86.ActiveCfg = Debug|Win32
		{63C7B7DC-6472-4A20-B9E2-6C0E417E9CAA}.Debug|x86.Build.0 = Debug|Win32
		{63C7B7DC-6472-4A20-B9E2-6C0E417E9CAA}.Release|x64.ActiveCfg = Release|x64
		{63C7B7DC-6472-4A20-B9E2-6C0E417E9CAA}.Release|x64.Build.0 = Release|x64
		{63C7B7DC-6472-4A20-B9E2-6C0E417E9CAA}.Release|x86.ActiveCfg = Release|Win32
		{63C7B7DC-6472-4A20-B9E2-6C0E417E9CAA}.Release|x86.Build.0 = Release|Win32
		{3AEF249A-85F2-41C0-B9B0-66DF8E14D517}.Debug|x64.ActiveCfg = Debug|x64
		{3AEF249A-85F2-41C0-B9B0-66DF8E14D517}.Debug|x64.Build.0 = Debug|x64
		{3AEF249A-85F2-41C0-B9B0-66DF8E14D517}.Debug|x86.ActiveCfg = Debug|Win32
		{3AEF249A-85F2-41C0-B9B0-66DF8E14D517}.Debug|x86.Build.0 = Debug|Win32
		{3AEF249A-85F2-41C0-B9B0-66DF8E14D517}.Release|x64.ActiveCfg = Release|x64
		{3AEF249A-85F2-41C0-B9B0-66DF8E14D517}.Release|x64.Build.0 = Release|x64
		{3AEF249A-85F2-41C0-B9B0-66DF8E14D517}.Release|x86.ActiveCfg = Release|Win32
		{3AEF249A-85F2-41C0-B9B0-66DF8E14D517}.Release|x86.Build.0 = Release|Win32
		{C31765F1-E1C3-4F12-9C57-D056D569CF10}.Debug|x64.ActiveCfg = Debug|x64
		{C31765F1-E1C3-4F12-9C57-D056D569CF10}.Debug|x64.Build.0 = Debug|x64
		{C31765F1-E1C3-4F12-9C57-D056D569CF10}.Debug|x86.ActiveCfg = Debug|Win32
		{C31765F1-E1C3-4F12-9C57-D056D569CF10}.Debug|x86.Build.0 = Debug|Win32
		{C31765F1-E1C3-4F12-9C57-D056D569CF10}.Release|x64.ActiveCfg = Release|x64
		{C31765F1-E1C3-4F12-9C57-D056D569CF10}.Release|x64.Build.0 = Release|x64
		{C31765F1-E1C3-4F12-9C57-D056D569CF10}.Release|x86.ActiveCfg = Release|Win32
		{C31765F1-E1C3-4F12-9C57-D056D569CF10}.Release|x86.Build.0 = Release|Win32
		{6BF24A28-11F4-498A-A1B6-DF2679A15EEA}.Debug|x64.ActiveCfg = Debug|x64
		{6BF24A28-11F4-498A-A1B6-DF2679A15EEA}.Debug|x64.Build.0 = Debug|x64
		{6BF24A28-11F4-498A-A1B6-DF2679A15EEA}.Debug|x86.ActiveCfg = Debug|Win32
		{6BF24A28-11F4-498A-A1B6-DF2679A15EEA}.Debug|x86.Build.0 = Debug|Win32
		{6BF24A28-11F4-498A-A1B6-DF2679A15EEA}.Release|x64.ActiveCfg = Release|x64
		{6BF24A28-11F4-498A-A1B6-DF2679A15EEA}.Release|x64.Build.0 = Release|x64
		{6BF24A28-11F4-498A-A1B6-DF2679A15EEA}.Release|x86.ActiveCfg = Release|Win32
		{6BF24A28-11F4-498A-A1B6-DF2679A15EEA}.Release|x86.Build.0 = Release|Win32
	EndGlobalSection
	GlobalSection(SolutionProperties) = preSolution
		HideSolutionNode = FALSE
	EndGlobalSection
	GlobalSection(ExtensibilityGlobals) = postSolution
		SolutionGuid = {87DD939F-626C-4302-B63E-2F7965C20DEA}
	EndGlobalSection
EndGlobal
